
Microsoft Visual Studio Solution File, Format Version 12.00
# Visual Studio Version 17
VisualStudioVersion = 17.3.32825.248
MinimumVisualStudioVersion = 10.0.40219.1
Project("{8BC9CEB8-8B4A-11D0-8D11-00A0C91BC942}") = "TLBTest", "TLBTest.vcxproj", "{738D7D08-7358-496C-B3B5-48A7B95DE9AA}"
EndProject
Global
	GlobalSection(SolutionConfigurationPlatforms) = preSolution
		Debug|x64 = Debug|x64
		Debug|x86 = Debug|x86
		Release|x64 = Release|x64
		Release|x86 = Release|x86
	EndGlobalSection
	GlobalSection(ProjectConfigurationPlatforms) = postSolution
		{738D7D08-7358-496C-B3B5-48A7B95DE9AA}.Debug|x64.ActiveCfg = Debug|x64
		{738D7D08-7358-496C-B3B5-48A7B95DE9AA}.Debug|x64.Build.0 = Debug|x64
		{738D7D08-7358-496C-B3B5-48A7B95DE9AA}.Debug|x86.ActiveCfg = Debug|Win32
		{738D7D08-7358-496C-B3B5-48A7B95DE9AA}.Debug|x86.Build.0 = Debug|Win32
		{738D7D08-7358-496C-B3B5-48A7B95DE9AA}.Release|x64.ActiveCfg = Release|x64
		{738D7D08-7358-496C-B3B5-48A7B95DE9AA}.Release|x64.Build.0 = Release|x64
		{738D7D08-7358-496C-B3B5-48A7B95DE9AA}.Release|x86.ActiveCfg = Release|Win32
		{738D7D08-7358-496C-B3B5-48A7B95DE9AA}.Release|x86.Build.0 = Release|Win32
	EndGlobalSection
	GlobalSection(SolutionProperties) = preSolution
		HideSolutionNode = FALSE
	EndGlobalSection
	GlobalSection(ExtensibilityGlobals) = postSolution
		SolutionGuid = {B8382F6F-7A99-4EAC-8823-057B1D81F2DD}
	EndGlobalSection
EndGlobal
